
Microsoft Visual Studio Solution File, Format Version 12.00
# Visual Studio Version 16
VisualStudioVersion = 16.0.30907.101
MinimumVisualStudioVersion = 10.0.40219.1
Project("{FAE04EC0-301F-11D3-BF4B-00C04F79EFBC}") = "ClassroomHW", "ClassroomHW\ClassroomHW.csproj", "{FE2C65E9-E295-4BC8-8133-AC5C9168063B}"
EndProject
Global
	GlobalSection(SolutionConfigurationPlatforms) = preSolution
		Debug|Any CPU = Debug|Any CPU
		Release|Any CPU = Release|Any CPU
	EndGlobalSection
	GlobalSection(ProjectConfigurationPlatforms) = postSolution
		{FE2C65E9-E295-4BC8-8133-AC5C9168063B}.Debug|Any CPU.ActiveCfg = Debug|Any CPU
		{FE2C65E9-E295-4BC8-8133-AC5C9168063B}.Debug|Any CPU.Build.0 = Debug|Any CPU
		{FE2C65E9-E295-4BC8-8133-AC5C9168063B}.Release|Any CPU.ActiveCfg = Release|Any CPU
		{FE2C65E9-E295-4BC8-8133-AC5C9168063B}.Release|Any CPU.Build.0 = Release|Any CPU
	EndGlobalSection
	GlobalSection(SolutionProperties) = preSolution
		HideSolutionNode = FALSE
	EndGlobalSection
	GlobalSection(ExtensibilityGlobals) = postSolution
		SolutionGuid = {D00EACE1-B789-451F-AD2A-A6141AC0D775}
	EndGlobalSection
EndGlobal
